// !$*UTF8*$!
{
	archiveVersion = 1;
	classes = {
	};
	objectVersion = 50;
	objects = {

/* Begin PBXBuildFile section */
		817EE7AD21EE750F00A81CCB /* AppDelegate.swift in Sources */ = {isa = PBXBuildFile; fileRef = 817EE7AC21EE750F00A81CCB /* AppDelegate.swift */; };
		817EE7AF21EE750F00A81CCB /* ViewController.swift in Sources */ = {isa = PBXBuildFile; fileRef = 817EE7AE21EE750F00A81CCB /* ViewController.swift */; };
		817EE7B221EE750F00A81CCB /* Main.storyboard in Resources */ = {isa = PBXBuildFile; fileRef = 817EE7B021EE750F00A81CCB /* Main.storyboard */; };
		817EE7B421EE751100A81CCB /* Assets.xcassets in Resources */ = {isa = PBXBuildFile; fileRef = 817EE7B321EE751100A81CCB /* Assets.xcassets */; };
		817EE7B721EE751100A81CCB /* LaunchScreen.storyboard in Resources */ = {isa = PBXBuildFile; fileRef = 817EE7B521EE751100A81CCB /* LaunchScreen.storyboard */; };
		817EE7C221EE751100A81CCB /* TipperTests.swift in Sources */ = {isa = PBXBuildFile; fileRef = 817EE7C121EE751100A81CCB /* TipperTests.swift */; };
		817EE7CD21EE751100A81CCB /* TipperUITests.swift in Sources */ = {isa = PBXBuildFile; fileRef = 817EE7CC21EE751100A81CCB /* TipperUITests.swift */; };
/* End PBXBuildFile section */

/* Begin PBXContainerItemProxy section */
		817EE7BE21EE751100A81CCB /* PBXContainerItemProxy */ = {
			isa = PBXContainerItemProxy;
			containerPortal = 817EE7A121EE750F00A81CCB /* Project object */;
			proxyType = 1;
			remoteGlobalIDString = 817EE7A821EE750F00A81CCB;
			remoteInfo = Tipper;
		};
		817EE7C921EE751100A81CCB /* PBXContainerItemProxy */ = {
			isa = PBXContainerItemProxy;
			containerPortal = 817EE7A121EE750F00A81CCB /* Project object */;
			proxyType = 1;
			remoteGlobalIDString = 817EE7A821EE750F00A81CCB;
			remoteInfo = Tipper;
		};
/* End PBXContainerItemProxy section */

/* Begin PBXFileReference section */
		817EE7A921EE750F00A81CCB /* Tipper.app */ = {isa = PBXFileReference; explicitFileType = wrapper.application; includeInIndex = 0; path = Tipper.app; sourceTree = BUILT_PRODUCTS_DIR; };
		817EE7AC21EE750F00A81CCB /* AppDelegate.swift */ = {isa = PBXFileReference; lastKnownFileType = sourcecode.swift; path = AppDelegate.swift; sourceTree = "<group>"; };
		817EE7AE21EE750F00A81CCB /* ViewController.swift */ = {isa = PBXFileReference; lastKnownFileType = sourcecode.swift; path = ViewController.swift; sourceTree = "<group>"; };
		817EE7B121EE750F00A81CCB /* Base */ = {isa = PBXFileReference; lastKnownFileType = file.storyboard; name = Base; path = Base.lproj/Main.storyboard; sourceTree = "<group>"; };
		817EE7B321EE751100A81CCB /* Assets.xcassets */ = {isa = PBXFileReference; lastKnownFileType = folder.assetcatalog; path = Assets.xcassets; sourceTree = "<group>"; };
		817EE7B621EE751100A81CCB /* Base */ = {isa = PBXFileReference; lastKnownFileType = file.storyboard; name = Base; path = Base.lproj/LaunchScreen.storyboard; sourceTree = "<group>"; };
		817EE7B821EE751100A81CCB /* Info.plist */ = {isa = PBXFileReference; lastKnownFileType = text.plist.xml; path = Info.plist; sourceTree = "<group>"; };
		817EE7BD21EE751100A81CCB /* TipperTests.xctest */ = {isa = PBXFileReference; explicitFileType = wrapper.cfbundle; includeInIndex = 0; path = TipperTests.xctest; sourceTree = BUILT_PRODUCTS_DIR; };
		817EE7C121EE751100A81CCB /* TipperTests.swift */ = {isa = PBXFileReference; lastKnownFileType = sourcecode.swift; path = TipperTests.swift; sourceTree = "<group>"; };
		817EE7C321EE751100A81CCB /* Info.plist */ = {isa = PBXFileReference; lastKnownFileType = text.plist.xml; path = Info.plist; sourceTree = "<group>"; };
		817EE7C821EE751100A81CCB /* TipperUITests.xctest */ = {isa = PBXFileReference; explicitFileType = wrapper.cfbundle; includeInIndex = 0; path = TipperUITests.xctest; sourceTree = BUILT_PRODUCTS_DIR; };
		817EE7CC21EE751100A81CCB /* TipperUITests.swift */ = {isa = PBXFileReference; lastKnownFileType = sourcecode.swift; path = TipperUITests.swift; sourceTree = "<group>"; };
		817EE7CE21EE751100A81CCB /* Info.plist */ = {isa = PBXFileReference; lastKnownFileType = text.plist.xml; path = Info.plist; sourceTree = "<group>"; };
/* End PBXFileReference section */

/* Begin PBXFrameworksBuildPhase section */
		817EE7A621EE750F00A81CCB /* Frameworks */ = {
			isa = PBXFrameworksBuildPhase;
			buildActionMask = 2147483647;
			files = (
			);
			runOnlyForDeploymentPostprocessing = 0;
		};
		817EE7BA21EE751100A81CCB /* Frameworks */ = {
			isa = PBXFrameworksBuildPhase;
			buildActionMask = 2147483647;
			files = (
			);
			runOnlyForDeploymentPostprocessing = 0;
		};
		817EE7C521EE751100A81CCB /* Frameworks */ = {
			isa = PBXFrameworksBuildPhase;
			buildActionMask = 2147483647;
			files = (
			);
			runOnlyForDeploymentPostprocessing = 0;
		};
/* End PBXFrameworksBuildPhase section */

/* Begin PBXGroup section */
		817EE7A021EE750F00A81CCB = {
			isa = PBXGroup;
			children = (
				817EE7AB21EE750F00A81CCB /* Tipper */,
				817EE7C021EE751100A81CCB /* TipperTests */,
				817EE7CB21EE751100A81CCB /* TipperUITests */,
				817EE7AA21EE750F00A81CCB /* Products */,
			);
			sourceTree = "<group>";
		};
		817EE7AA21EE750F00A81CCB /* Products */ = {
			isa = PBXGroup;
			children = (
				817EE7A921EE750F00A81CCB /* Tipper.app */,
				817EE7BD21EE751100A81CCB /* TipperTests.xctest */,
				817EE7C821EE751100A81CCB /* TipperUITests.xctest */,
			);
			name = Products;
			sourceTree = "<group>";
		};
		817EE7AB21EE750F00A81CCB /* Tipper */ = {
			isa = PBXGroup;
			children = (
				817EE7AC21EE750F00A81CCB /* AppDelegate.swift */,
				817EE7AE21EE750F00A81CCB /* ViewController.swift */,
				817EE7B021EE750F00A81CCB /* Main.storyboard */,
				817EE7B321EE751100A81CCB /* Assets.xcassets */,
				817EE7B521EE751100A81CCB /* LaunchScreen.storyboard */,
				817EE7B821EE751100A81CCB /* Info.plist */,
			);
			path = Tipper;
			sourceTree = "<group>";
		};
		817EE7C021EE751100A81CCB /* TipperTests */ = {
			isa = PBXGroup;
			children = (
				817EE7C121EE751100A81CCB /* TipperTests.swift */,
				817EE7C321EE751100A81CCB /* Info.plist */,
			);
			path = TipperTests;
			sourceTree = "<group>";
		};
		817EE7CB21EE751100A81CCB /* TipperUITests */ = {
			isa = PBXGroup;
			children = (
				817EE7CC21EE751100A81CCB /* TipperUITests.swift */,
				817EE7CE21EE751100A81CCB /* Info.plist */,
			);
			path = TipperUITests;
			sourceTree = "<group>";
		};
/* End PBXGroup section */

/* Begin PBXNativeTarget section */
		817EE7A821EE750F00A81CCB /* Tipper */ = {
			isa = PBXNativeTarget;
			buildConfigurationList = 817EE7D121EE751100A81CCB /* Build configuration list for PBXNativeTarget "Tipper" */;
			buildPhases = (
				817EE7A521EE750F00A81CCB /* Sources */,
				817EE7A621EE750F00A81CCB /* Frameworks */,
				817EE7A721EE750F00A81CCB /* Resources */,
			);
			buildRules = (
			);
			dependencies = (
			);
			name = Tipper;
			productName = Tipper;
			productReference = 817EE7A921EE750F00A81CCB /* Tipper.app */;
			productType = "com.apple.product-type.application";
		};
		817EE7BC21EE751100A81CCB /* TipperTests */ = {
			isa = PBXNativeTarget;
			buildConfigurationList = 817EE7D421EE751100A81CCB /* Build configuration list for PBXNativeTarget "TipperTests" */;
			buildPhases = (
				817EE7B921EE751100A81CCB /* Sources */,
				817EE7BA21EE751100A81CCB /* Frameworks */,
				817EE7BB21EE751100A81CCB /* Resources */,
			);
			buildRules = (
			);
			dependencies = (
				817EE7BF21EE751100A81CCB /* PBXTargetDependency */,
			);
			name = TipperTests;
			productName = TipperTests;
			productReference = 817EE7BD21EE751100A81CCB /* TipperTests.xctest */;
			productType = "com.apple.product-type.bundle.unit-test";
		};
		817EE7C721EE751100A81CCB /* TipperUITests */ = {
			isa = PBXNativeTarget;
			buildConfigurationList = 817EE7D721EE751100A81CCB /* Build configuration list for PBXNativeTarget "TipperUITests" */;
			buildPhases = (
				817EE7C421EE751100A81CCB /* Sources */,
				817EE7C521EE751100A81CCB /* Frameworks */,
				817EE7C621EE751100A81CCB /* Resources */,
			);
			buildRules = (
			);
			dependencies = (
				817EE7CA21EE751100A81CCB /* PBXTargetDependency */,
			);
			name = TipperUITests;
			productName = TipperUITests;
			productReference = 817EE7C821EE751100A81CCB /* TipperUITests.xctest */;
			productType = "com.apple.product-type.bundle.ui-testing";
		};
/* End PBXNativeTarget section */

/* Begin PBXProject section */
		817EE7A121EE750F00A81CCB /* Project object */ = {
			isa = PBXProject;
			attributes = {
				LastSwiftUpdateCheck = 1010;
				LastUpgradeCheck = 1010;
				ORGANIZATIONNAME = "Trisha Ghosh ";
				TargetAttributes = {
					817EE7A821EE750F00A81CCB = {
						CreatedOnToolsVersion = 10.1;
					};
					817EE7BC21EE751100A81CCB = {
						CreatedOnToolsVersion = 10.1;
						TestTargetID = 817EE7A821EE750F00A81CCB;
					};
					817EE7C721EE751100A81CCB = {
						CreatedOnToolsVersion = 10.1;
						TestTargetID = 817EE7A821EE750F00A81CCB;
					};
				};
			};
			buildConfigurationList = 817EE7A421EE750F00A81CCB /* Build configuration list for PBXProject "Tipper" */;
			compatibilityVersion = "Xcode 9.3";
			developmentRegion = en;
			hasScannedForEncodings = 0;
			knownRegions = (
				en,
				Base,
			);
			mainGroup = 817EE7A021EE750F00A81CCB;
			productRefGroup = 817EE7AA21EE750F00A81CCB /* Products */;
			projectDirPath = "";
			projectRoot = "";
			targets = (
				817EE7A821EE750F00A81CCB /* Tipper */,
				817EE7BC21EE751100A81CCB /* TipperTests */,
				817EE7C721EE751100A81CCB /* TipperUITests */,
			);
		};
/* End PBXProject section */

/* Begin PBXResourcesBuildPhase section */
		817EE7A721EE750F00A81CCB /* Resources */ = {
			isa = PBXResourcesBuildPhase;
			buildActionMask = 2147483647;
			files = (
				817EE7B721EE751100A81CCB /* LaunchScreen.storyboard in Resources */,
				817EE7B421EE751100A81CCB /* Assets.xcassets in Resources */,
				817EE7B221EE750F00A81CCB /* Main.storyboard in Resources */,
			);
			runOnlyForDeploymentPostprocessing = 0;
		};
		817EE7BB21EE751100A81CCB /* Resources */ = {
			isa = PBXResourcesBuildPhase;
			buildActionMask = 2147483647;
			files = (
			);
			runOnlyForDeploymentPostprocessing = 0;
		};
		817EE7C621EE751100A81CCB /* Resources */ = {
			isa = PBXResourcesBuildPhase;
			buildActionMask = 2147483647;
			files = (
			);
			runOnlyForDeploymentPostprocessing = 0;
		};
/* End PBXResourcesBuildPhase section */

/* Begin PBXSourcesBuildPhase section */
		817EE7A521EE750F00A81CCB /* Sources */ = {
			isa = PBXSourcesBuildPhase;
			buildActionMask = 2147483647;
			files = (
				817EE7AF21EE750F00A81CCB /* ViewController.swift in Sources */,
				817EE7AD21EE750F00A81CCB /* AppDelegate.swift in Sources */,
			);
			runOnlyForDeploymentPostprocessing = 0;
		};
		817EE7B921EE751100A81CCB /* Sources */ = {
			isa = PBXSourcesBuildPhase;
			buildActionMask = 2147483647;
			files = (
				817EE7C221EE751100A81CCB /* TipperTests.swift in Sources */,
			);
			runOnlyForDeploymentPostprocessing = 0;
		};
		817EE7C421EE751100A81CCB /* Sources */ = {
			isa = PBXSourcesBuildPhase;
			buildActionMask = 2147483647;
			files = (
				817EE7CD21EE751100A81CCB /* TipperUITests.swift in Sources */,
			);
			runOnlyForDeploymentPostprocessing = 0;
		};
/* End PBXSourcesBuildPhase section */

/* Begin PBXTargetDependency section */
		817EE7BF21EE751100A81CCB /* PBXTargetDependency */ = {
			isa = PBXTargetDependency;
			target = 817EE7A821EE750F00A81CCB /* Tipper */;
			targetProxy = 817EE7BE21EE751100A81CCB /* PBXContainerItemProxy */;
		};
		817EE7CA21EE751100A81CCB /* PBXTargetDependency */ = {
			isa = PBXTargetDependency;
			target = 817EE7A821EE750F00A81CCB /* Tipper */;
			targetProxy = 817EE7C921EE751100A81CCB /* PBXContainerItemProxy */;
		};
/* End PBXTargetDependency section */

/* Begin PBXVariantGroup section */
		817EE7B021EE750F00A81CCB /* Main.storyboard */ = {
			isa = PBXVariantGroup;
			children = (
				817EE7B121EE750F00A81CCB /* Base */,
			);
			name = Main.storyboard;
			sourceTree = "<group>";
		};
		817EE7B521EE751100A81CCB /* LaunchScreen.storyboard */ = {
			isa = PBXVariantGroup;
			children = (
				817EE7B621EE751100A81CCB /* Base */,
			);
			name = LaunchScreen.storyboard;
			sourceTree = "<group>";
		};
/* End PBXVariantGroup section */

/* Begin XCBuildConfiguration section */
		817EE7CF21EE751100A81CCB /* Debug */ = {
			isa = XCBuildConfiguration;
			buildSettings = {
				ALWAYS_SEARCH_USER_PATHS = NO;
				CLANG_ANALYZER_NONNULL = YES;
				CLANG_ANALYZER_NUMBER_OBJECT_CONVERSION = YES_AGGRESSIVE;
				CLANG_CXX_LANGUAGE_STANDARD = "gnu++14";
				CLANG_CXX_LIBRARY = "libc++";
				CLANG_ENABLE_MODULES = YES;
				CLANG_ENABLE_OBJC_ARC = YES;
				CLANG_ENABLE_OBJC_WEAK = YES;
				CLANG_WARN_BLOCK_CAPTURE_AUTORELEASING = YES;
				CLANG_WARN_BOOL_CONVERSION = YES;
				CLANG_WARN_COMMA = YES;
				CLANG_WARN_CONSTANT_CONVERSION = YES;
				CLANG_WARN_DEPRECATED_OBJC_IMPLEMENTATIONS = YES;
				CLANG_WARN_DIRECT_OBJC_ISA_USAGE = YES_ERROR;
				CLANG_WARN_DOCUMENTATION_COMMENTS = YES;
				CLANG_WARN_EMPTY_BODY = YES;
				CLANG_WARN_ENUM_CONVERSION = YES;
				CLANG_WARN_INFINITE_RECURSION = YES;
				CLANG_WARN_INT_CONVERSION = YES;
				CLANG_WARN_NON_LITERAL_NULL_CONVERSION = YES;
				CLANG_WARN_OBJC_IMPLICIT_RETAIN_SELF = YES;
				CLANG_WARN_OBJC_LITERAL_CONVERSION = YES;
				CLANG_WARN_OBJC_ROOT_CLASS = YES_ERROR;
				CLANG_WARN_RANGE_LOOP_ANALYSIS = YES;
				CLANG_WARN_STRICT_PROTOTYPES = YES;
				CLANG_WARN_SUSPICIOUS_MOVE = YES;
				CLANG_WARN_UNGUARDED_AVAILABILITY = YES_AGGRESSIVE;
				CLANG_WARN_UNREACHABLE_CODE = YES;
				CLANG_WARN__DUPLICATE_METHOD_MATCH = YES;
				CODE_SIGN_IDENTITY = "iPhone Developer";
				COPY_PHASE_STRIP = NO;
				DEBUG_INFORMATION_FORMAT = dwarf;
				ENABLE_STRICT_OBJC_MSGSEND = YES;
				ENABLE_TESTABILITY = YES;
				GCC_C_LANGUAGE_STANDARD = gnu11;
				GCC_DYNAMIC_NO_PIC = NO;
				GCC_NO_COMMON_BLOCKS = YES;
				GCC_OPTIMIZATION_LEVEL = 0;
				GCC_PREPROCESSOR_DEFINITIONS = (
					"DEBUG=1",
					"$(inherited)",
				);
				GCC_WARN_64_TO_32_BIT_CONVERSION = YES;
				GCC_WARN_ABOUT_RETURN_TYPE = YES_ERROR;
				GCC_WARN_UNDECLARED_SELECTOR = YES;
				GCC_WARN_UNINITIALIZED_AUTOS = YES_AGGRESSIVE;
				GCC_WARN_UNUSED_FUNCTION = YES;
				GCC_WARN_UNUSED_VARIABLE = YES;
				IPHONEOS_DEPLOYMENT_TARGET = 12.1;
				MTL_ENABLE_DEBUG_INFO = INCLUDE_SOURCE;
				MTL_FAST_MATH = YES;
				ONLY_ACTIVE_ARCH = YES;
				SDKROOT = iphoneos;
				SWIFT_ACTIVE_COMPILATION_CONDITIONS = DEBUG;
				SWIFT_OPTIMIZATION_LEVEL = "-Onone";
			};
			name = Debug;
		};
		817EE7D021EE751100A81CCB /* Release */ = {
			isa = XCBuildConfiguration;
			buildSettings = {
				ALWAYS_SEARCH_USER_PATHS = NO;
				CLANG_ANALYZER_NONNULL = YES;
				CLANG_ANALYZER_NUMBER_OBJECT_CONVERSION = YES_AGGRESSIVE;
				CLANG_CXX_LANGUAGE_STANDARD = "gnu++14";
				CLANG_CXX_LIBRARY = "libc++";
				CLANG_ENABLE_MODULES = YES;
				CLANG_ENABLE_OBJC_ARC = YES;
				CLANG_ENABLE_OBJC_WEAK = YES;
				CLANG_WARN_BLOCK_CAPTURE_AUTORELEASING = YES;
				CLANG_WARN_BOOL_CONVERSION = YES;
				CLANG_WARN_COMMA = YES;
				CLANG_WARN_CONSTANT_CONVERSION = YES;
				CLANG_WARN_DEPRECATED_OBJC_IMPLEMENTATIONS = YES;
				CLANG_WARN_DIRECT_OBJC_ISA_USAGE = YES_ERROR;
				CLANG_WARN_DOCUMENTATION_COMMENTS = YES;
				CLANG_WARN_EMPTY_BODY = YES;
				CLANG_WARN_ENUM_CONVERSION = YES;
				CLANG_WARN_INFINITE_RECURSION = YES;
				CLANG_WARN_INT_CONVERSION = YES;
				CLANG_WARN_NON_LITERAL_NULL_CONVERSION = YES;
				CLANG_WARN_OBJC_IMPLICIT_RETAIN_SELF = YES;
				CLANG_WARN_OBJC_LITERAL_CONVERSION = YES;
				CLANG_WARN_OBJC_ROOT_CLASS = YES_ERROR;
				CLANG_WARN_RANGE_LOOP_ANALYSIS = YES;
				CLANG_WARN_STRICT_PROTOTYPES = YES;
				CLANG_WARN_SUSPICIOUS_MOVE = YES;
				CLANG_WARN_UNGUARDED_AVAILABILITY = YES_AGGRESSIVE;
				CLANG_WARN_UNREACHABLE_CODE = YES;
				CLANG_WARN__DUPLICATE_METHOD_MATCH = YES;
				CODE_SIGN_IDENTITY = "iPhone Developer";
				COPY_PHASE_STRIP = NO;
				DEBUG_INFORMATION_FORMAT = "dwarf-with-dsym";
				ENABLE_NS_ASSERTIONS = NO;
				ENABLE_STRICT_OBJC_MSGSEND = YES;
				GCC_C_LANGUAGE_STANDARD = gnu11;
				GCC_NO_COMMON_BLOCKS = YES;
				GCC_WARN_64_TO_32_BIT_CONVERSION = YES;
				GCC_WARN_ABOUT_RETURN_TYPE = YES_ERROR;
				GCC_WARN_UNDECLARED_SELECTOR = YES;
				GCC_WARN_UNINITIALIZED_AUTOS = YES_AGGRESSIVE;
				GCC_WARN_UNUSED_FUNCTION = YES;
				GCC_WARN_UNUSED_VARIABLE = YES;
				IPHONEOS_DEPLOYMENT_TARGET = 12.1;
				MTL_ENABLE_DEBUG_INFO = NO;
				MTL_FAST_MATH = YES;
				SDKROOT = iphoneos;
				SWIFT_COMPILATION_MODE = wholemodule;
				SWIFT_OPTIMIZATION_LEVEL = "-O";
				VALIDATE_PRODUCT = YES;
			};
			name = Release;
		};
		817EE7D221EE751100A81CCB /* Debug */ = {
			isa = XCBuildConfiguration;
			buildSettings = {
				ASSETCATALOG_COMPILER_APPICON_NAME = AppIcon;
				CODE_SIGN_STYLE = Automatic;
				INFOPLIST_FILE = Tipper/Info.plist;
				LD_RUNPATH_SEARCH_PATHS = (
					"$(inherited)",
					"@executable_path/Frameworks",
				);
				PRODUCT_BUNDLE_IDENTIFIER = Purdue.Tipper;
				PRODUCT_NAME = "$(TARGET_NAME)";
				SWIFT_VERSION = 4.2;
				TARGETED_DEVICE_FAMILY = "1,2";
			};
			name = Debug;
		};
		817EE7D321EE751100A81CCB /* Release */ = {
			isa = XCBuildConfiguration;
			buildSettings = {
				ASSETCATALOG_COMPILER_APPICON_NAME = AppIcon;
				CODE_SIGN_STYLE = Automatic;
				INFOPLIST_FILE = Tipper/Info.plist;
				LD_RUNPATH_SEARCH_PATHS = (
					"$(inherited)",
					"@executable_path/Frameworks",
				);
				PRODUCT_BUNDLE_IDENTIFIER = Purdue.Tipper;
				PRODUCT_NAME = "$(TARGET_NAME)";
				SWIFT_VERSION = 4.2;
				TARGETED_DEVICE_FAMILY = "1,2";
			};
			name = Release;
		};
		817EE7D521EE751100A81CCB /* Debug */ = {
			isa = XCBuildConfiguration;
			buildSettings = {
				ALWAYS_EMBED_SWIFT_STANDARD_LIBRARIES = YES;
				BUNDLE_LOADER = "$(TEST_HOST)";
				CODE_SIGN_STYLE = Automatic;
				INFOPLIST_FILE = TipperTests/Info.plist;
				LD_RUNPATH_SEARCH_PATHS = (
					"$(inherited)",
					"@executable_path/Frameworks",
					"@loader_path/Frameworks",
				);
				PRODUCT_BUNDLE_IDENTIFIER = Purdue.TipperTests;
				PRODUCT_NAME = "$(TARGET_NAME)";
				SWIFT_VERSION = 4.2;
				TARGETED_DEVICE_FAMILY = "1,2";
				TEST_HOST = "$(BUILT_PRODUCTS_DIR)/Tipper.app/Tipper";
			};
			name = Debug;
		};
		817EE7D621EE751100A81CCB /* Release */ = {
			isa = XCBuildConfiguration;
			buildSettings = {
				ALWAYS_EMBED_SWIFT_STANDARD_LIBRARIES = YES;
				BUNDLE_LOADER = "$(TEST_HOST)";
				CODE_SIGN_STYLE = Automatic;
				INFOPLIST_FILE = TipperTests/Info.plist;
				LD_RUNPATH_SEARCH_PATHS = (
					"$(inherited)",
					"@executable_path/Frameworks",
					"@loader_path/Frameworks",
				);
				PRODUCT_BUNDLE_IDENTIFIER = Purdue.TipperTests;
				PRODUCT_NAME = "$(TARGET_NAME)";
				SWIFT_VERSION = 4.2;
				TARGETED_DEVICE_FAMILY = "1,2";
				TEST_HOST = "$(BUILT_PRODUCTS_DIR)/Tipper.app/Tipper";
			};
			name = Release;
		};
		817EE7D821EE751100A81CCB /* Debug */ = {
			isa = XCBuildConfiguration;
			buildSettings = {
				ALWAYS_EMBED_SWIFT_STANDARD_LIBRARIES = YES;
				CODE_SIGN_STYLE = Automatic;
				INFOPLIST_FILE = TipperUITests/Info.plist;
				LD_RUNPATH_SEARCH_PATHS = (
					"$(inherited)",
					"@executable_path/Frameworks",
					"@loader_path/Frameworks",
				);
				PRODUCT_BUNDLE_IDENTIFIER = Purdue.TipperUITests;
				PRODUCT_NAME = "$(TARGET_NAME)";
				SWIFT_VERSION = 4.2;
				TARGETED_DEVICE_FAMILY = "1,2";
				TEST_TARGET_NAME = Tipper;
			};
			name = Debug;
		};
		817EE7D921EE751100A81CCB /* Release */ = {
			isa = XCBuildConfiguration;
			buildSettings = {
				ALWAYS_EMBED_SWIFT_STANDARD_LIBRARIES = YES;
				CODE_SIGN_STYLE = Automatic;
				INFOPLIST_FILE = TipperUITests/Info.plist;
				LD_RUNPATH_SEARCH_PATHS = (
					"$(inherited)",
					"@executable_path/Frameworks",
					"@loader_path/Frameworks",
				);
				PRODUCT_BUNDLE_IDENTIFIER = Purdue.TipperUITests;
				PRODUCT_NAME = "$(TARGET_NAME)";
				SWIFT_VERSION = 4.2;
				TARGETED_DEVICE_FAMILY = "1,2";
				TEST_TARGET_NAME = Tipper;
			};
			name = Release;
		};
/* End XCBuildConfiguration section */

/* Begin XCConfigurationList section */
		817EE7A421EE750F00A81CCB /* Build configuration list for PBXProject "Tipper" */ = {
			isa = XCConfigurationList;
			buildConfigurations = (
				817EE7CF21EE751100A81CCB /* Debug */,
				817EE7D021EE751100A81CCB /* Release */,
			);
			defaultConfigurationIsVisible = 0;
			defaultConfigurationName = Release;
		};
		817EE7D121EE751100A81CCB /* Build configuration list for PBXNativeTarget "Tipper" */ = {
			isa = XCConfigurationList;
			buildConfigurations = (
				817EE7D221EE751100A81CCB /* Debug */,
				817EE7D321EE751100A81CCB /* Release */,
			);
			defaultConfigurationIsVisible = 0;
			defaultConfigurationName = Release;
		};
		817EE7D421EE751100A81CCB /* Build configuration list for PBXNativeTarget "TipperTests" */ = {
			isa = XCConfigurationList;
			buildConfigurations = (
				817EE7D521EE751100A81CCB /* Debug */,
				817EE7D621EE751100A81CCB /* Release */,
			);
			defaultConfigurationIsVisible = 0;
			defaultConfigurationName = Release;
		};
		817EE7D721EE751100A81CCB /* Build configuration list for PBXNativeTarget "TipperUITests" */ = {
			isa = XCConfigurationList;
			buildConfigurations = (
				817EE7D821EE751100A81CCB /* Debug */,
				817EE7D921EE751100A81CCB /* Release */,
			);
			defaultConfigurationIsVisible = 0;
			defaultConfigurationName = Release;
		};
/* End XCConfigurationList section */
	};
	rootObject = 817EE7A121EE750F00A81CCB /* Project object */;
}
